
Microsoft Visual Studio Solution File, Format Version 12.00
# Visual Studio Version 16
VisualStudioVersion = 16.0.31112.23
MinimumVisualStudioVersion = 10.0.40219.1
Project("{FAE04EC0-301F-11D3-BF4B-00C04F79EFBC}") = "Final_AbstractFac", "Final_AbstractFac\Final_AbstractFac.csproj", "{0C908281-5201-4D16-8360-37C83B00CB05}"
EndProject
Global
	GlobalSection(SolutionConfigurationPlatforms) = preSolution
		Debug|Any CPU = Debug|Any CPU
		Release|Any CPU = Release|Any CPU
	EndGlobalSection
	GlobalSection(ProjectConfigurationPlatforms) = postSolution
		{0C908281-5201-4D16-8360-37C83B00CB05}.Debug|Any CPU.ActiveCfg = Debug|Any CPU
		{0C908281-5201-4D16-8360-37C83B00CB05}.Debug|Any CPU.Build.0 = Debug|Any CPU
		{0C908281-5201-4D16-8360-37C83B00CB05}.Release|Any CPU.ActiveCfg = Release|Any CPU
		{0C908281-5201-4D16-8360-37C83B00CB05}.Release|Any CPU.Build.0 = Release|Any CPU
	EndGlobalSection
	GlobalSection(SolutionProperties) = preSolution
		HideSolutionNode = FALSE
	EndGlobalSection
	GlobalSection(ExtensibilityGlobals) = postSolution
		SolutionGuid = {B40A76FE-8AE9-4D17-A91E-8907481243D9}
	EndGlobalSection
EndGlobal
