
Microsoft Visual Studio Solution File, Format Version 12.00
# Visual Studio Version 16
VisualStudioVersion = 16.0.31005.135
MinimumVisualStudioVersion = 10.0.40219.1
Project("{FAE04EC0-301F-11D3-BF4B-00C04F79EFBC}") = "Practice_Observer", "Practice_Observer\Practice_Observer.csproj", "{5176C5FC-4B68-4D48-931A-C779F1F0C2D6}"
EndProject
Global
	GlobalSection(SolutionConfigurationPlatforms) = preSolution
		Debug|Any CPU = Debug|Any CPU
		Release|Any CPU = Release|Any CPU
	EndGlobalSection
	GlobalSection(ProjectConfigurationPlatforms) = postSolution
		{5176C5FC-4B68-4D48-931A-C779F1F0C2D6}.Debug|Any CPU.ActiveCfg = Debug|Any CPU
		{5176C5FC-4B68-4D48-931A-C779F1F0C2D6}.Debug|Any CPU.Build.0 = Debug|Any CPU
		{5176C5FC-4B68-4D48-931A-C779F1F0C2D6}.Release|Any CPU.ActiveCfg = Release|Any CPU
		{5176C5FC-4B68-4D48-931A-C779F1F0C2D6}.Release|Any CPU.Build.0 = Release|Any CPU
	EndGlobalSection
	GlobalSection(SolutionProperties) = preSolution
		HideSolutionNode = FALSE
	EndGlobalSection
	GlobalSection(ExtensibilityGlobals) = postSolution
		SolutionGuid = {329BF90C-BFBE-45B7-8A4A-5074F2768676}
	EndGlobalSection
EndGlobal
