
Microsoft Visual Studio Solution File, Format Version 12.00
# Visual Studio Version 16
VisualStudioVersion = 16.0.30907.101
MinimumVisualStudioVersion = 10.0.40219.1
Project("{FAE04EC0-301F-11D3-BF4B-00C04F79EFBC}") = "ObserverPattern_HandsOn8", "ObserverPattern_HandsOn8.csproj", "{9E735A90-B7EE-4171-ABE1-E753DFBBB3C8}"
EndProject
Global
	GlobalSection(SolutionConfigurationPlatforms) = preSolution
		Debug|Any CPU = Debug|Any CPU
		Release|Any CPU = Release|Any CPU
	EndGlobalSection
	GlobalSection(ProjectConfigurationPlatforms) = postSolution
		{9E735A90-B7EE-4171-ABE1-E753DFBBB3C8}.Debug|Any CPU.ActiveCfg = Debug|Any CPU
		{9E735A90-B7EE-4171-ABE1-E753DFBBB3C8}.Debug|Any CPU.Build.0 = Debug|Any CPU
		{9E735A90-B7EE-4171-ABE1-E753DFBBB3C8}.Release|Any CPU.ActiveCfg = Release|Any CPU
		{9E735A90-B7EE-4171-ABE1-E753DFBBB3C8}.Release|Any CPU.Build.0 = Release|Any CPU
	EndGlobalSection
	GlobalSection(SolutionProperties) = preSolution
		HideSolutionNode = FALSE
	EndGlobalSection
	GlobalSection(ExtensibilityGlobals) = postSolution
		SolutionGuid = {125C34B1-7E43-423A-8CDA-7A7D41C9A5F7}
	EndGlobalSection
EndGlobal
