
Microsoft Visual Studio Solution File, Format Version 12.00
# Visual Studio Version 16
VisualStudioVersion = 16.0.30907.101
MinimumVisualStudioVersion = 10.0.40219.1
Project("{9A19103F-16F7-4668-BE54-9A1E7A4F7556}") = "AspNetCoreOrganisations", "AspNetCoreOrganisations.csproj", "{766112A1-D62A-40CF-A971-30EA94BAF157}"
EndProject
Global
	GlobalSection(SolutionConfigurationPlatforms) = preSolution
		Debug|Any CPU = Debug|Any CPU
		Release|Any CPU = Release|Any CPU
	EndGlobalSection
	GlobalSection(ProjectConfigurationPlatforms) = postSolution
		{766112A1-D62A-40CF-A971-30EA94BAF157}.Debug|Any CPU.ActiveCfg = Debug|Any CPU
		{766112A1-D62A-40CF-A971-30EA94BAF157}.Debug|Any CPU.Build.0 = Debug|Any CPU
		{766112A1-D62A-40CF-A971-30EA94BAF157}.Release|Any CPU.ActiveCfg = Release|Any CPU
		{766112A1-D62A-40CF-A971-30EA94BAF157}.Release|Any CPU.Build.0 = Release|Any CPU
	EndGlobalSection
	GlobalSection(SolutionProperties) = preSolution
		HideSolutionNode = FALSE
	EndGlobalSection
	GlobalSection(ExtensibilityGlobals) = postSolution
		SolutionGuid = {00BD6B9F-1A3B-4CA6-8B34-A00E0B30F85B}
	EndGlobalSection
EndGlobal
