
Microsoft Visual Studio Solution File, Format Version 12.00
# Visual Studio Version 16
VisualStudioVersion = 16.0.30907.101
MinimumVisualStudioVersion = 10.0.40219.1
Project("{9A19103F-16F7-4668-BE54-9A1E7A4F7556}") = "Asp.netCore_Employee", "Asp.netCore_Employee.csproj", "{DC1CF0A7-1896-4DC8-BB06-86C52BB0A616}"
EndProject
Global
	GlobalSection(SolutionConfigurationPlatforms) = preSolution
		Debug|Any CPU = Debug|Any CPU
		Release|Any CPU = Release|Any CPU
	EndGlobalSection
	GlobalSection(ProjectConfigurationPlatforms) = postSolution
		{DC1CF0A7-1896-4DC8-BB06-86C52BB0A616}.Debug|Any CPU.ActiveCfg = Debug|Any CPU
		{DC1CF0A7-1896-4DC8-BB06-86C52BB0A616}.Debug|Any CPU.Build.0 = Debug|Any CPU
		{DC1CF0A7-1896-4DC8-BB06-86C52BB0A616}.Release|Any CPU.ActiveCfg = Release|Any CPU
		{DC1CF0A7-1896-4DC8-BB06-86C52BB0A616}.Release|Any CPU.Build.0 = Release|Any CPU
	EndGlobalSection
	GlobalSection(SolutionProperties) = preSolution
		HideSolutionNode = FALSE
	EndGlobalSection
	GlobalSection(ExtensibilityGlobals) = postSolution
		SolutionGuid = {AE3FEF36-C294-4E4F-946C-08B2328190DA}
	EndGlobalSection
EndGlobal
